
Microsoft Visual Studio Solution File, Format Version 12.00
# Visual Studio 14
VisualStudioVersion = 14.0.23107.0
MinimumVisualStudioVersion = 10.0.40219.1
Project("{54435603-DBB4-11D2-8724-00A0C9A8B90C}") = "defog", "defog\defog.vdproj", "{5AF8FE41-C387-4E69-A20F-4667B434F92C}"
EndProject
Global
	GlobalSection(SolutionConfigurationPlatforms) = preSolution
		Debug|Default = Debug|Default
		Release|Default = Release|Default
	EndGlobalSection
	GlobalSection(ProjectConfigurationPlatforms) = postSolution
		{5AF8FE41-C387-4E69-A20F-4667B434F92C}.Debug|Default.ActiveCfg = Debug
		{5AF8FE41-C387-4E69-A20F-4667B434F92C}.Debug|Default.Build.0 = Debug
		{5AF8FE41-C387-4E69-A20F-4667B434F92C}.Release|Default.ActiveCfg = Release
		{5AF8FE41-C387-4E69-A20F-4667B434F92C}.Release|Default.Build.0 = Release
	EndGlobalSection
	GlobalSection(SolutionProperties) = preSolution
		HideSolutionNode = FALSE
	EndGlobalSection
EndGlobal
